
Microsoft Visual Studio Solution File, Format Version 12.00
# Visual Studio Version 17
VisualStudioVersion = 17.7.34018.315
MinimumVisualStudioVersion = 10.0.40219.1
Project("{FAE04EC0-301F-11D3-BF4B-00C04F79EFBC}") = "WinFormsApp1", "WinFormsApp1\WinFormsApp1.csproj", "{EC96128A-49ED-496A-8B56-427E74AE263B}"
EndProject
Global
	GlobalSection(SolutionConfigurationPlatforms) = preSolution
		Debug|Any CPU = Debug|Any CPU
		Release|Any CPU = Release|Any CPU
	EndGlobalSection
	GlobalSection(ProjectConfigurationPlatforms) = postSolution
		{EC96128A-49ED-496A-8B56-427E74AE263B}.Debug|Any CPU.ActiveCfg = Debug|Any CPU
		{EC96128A-49ED-496A-8B56-427E74AE263B}.Debug|Any CPU.Build.0 = Debug|Any CPU
		{EC96128A-49ED-496A-8B56-427E74AE263B}.Release|Any CPU.ActiveCfg = Release|Any CPU
		{EC96128A-49ED-496A-8B56-427E74AE263B}.Release|Any CPU.Build.0 = Release|Any CPU
	EndGlobalSection
	GlobalSection(SolutionProperties) = preSolution
		HideSolutionNode = FALSE
	EndGlobalSection
	GlobalSection(ExtensibilityGlobals) = postSolution
		SolutionGuid = {A91201D6-BE37-4CEC-92EA-6E79CFCE73AF}
	EndGlobalSection
EndGlobal
